Microsoft Visual Studio Solution File, Format Version 12.00
# Visual Studio 2012
Project("{FAE04EC0-301F-11D3-BF4B-00C04F79EFBC}") = "WareHaunt", "WareHaunt.csproj", "{93E4728E-7AD6-48E0-AD42-5FDDC64F5FDF}"
EndProject
Global
	GlobalSection(SolutionConfigurationPlatforms) = preSolution
	Debug|Any CPU = Debug|Any CPU
	ExportDebug|Any CPU = ExportDebug|Any CPU
	ExportRelease|Any CPU = ExportRelease|Any CPU
	EndGlobalSection
	GlobalSection(ProjectConfigurationPlatforms) = postSolution
		{93E4728E-7AD6-48E0-AD42-5FDDC64F5FDF}.Debug|Any CPU.ActiveCfg = Debug|Any CPU
		{93E4728E-7AD6-48E0-AD42-5FDDC64F5FDF}.Debug|Any CPU.Build.0 = Debug|Any CPU
		{93E4728E-7AD6-48E0-AD42-5FDDC64F5FDF}.ExportDebug|Any CPU.ActiveCfg = ExportDebug|Any CPU
		{93E4728E-7AD6-48E0-AD42-5FDDC64F5FDF}.ExportDebug|Any CPU.Build.0 = ExportDebug|Any CPU
		{93E4728E-7AD6-48E0-AD42-5FDDC64F5FDF}.ExportRelease|Any CPU.ActiveCfg = ExportRelease|Any CPU
		{93E4728E-7AD6-48E0-AD42-5FDDC64F5FDF}.ExportRelease|Any CPU.Build.0 = ExportRelease|Any CPU
	EndGlobalSection
EndGlobal
